{
    "_meta": {
        "hash": {
            "sha256": "e4dcf1b286b39adfb18fdc974e99fe6e436ea402f886ad6468caa3f696a044f7"
        },
        "pipfile-spec": 6,
        "requires": {
            "python_version": "3.8"
        },
        "sources": [
            {
                "name": "pypi",
                "url": "https://pypi.python.org/simple",
                "verify_ssl": true
            }
        ]
    },
    "default": {
        "certifi": {
            "hashes": [
                "sha256:9c5705e395cd70084351dd8ad5c41e65655e08ce46f2ec9cf6c2c08390f71eb7",
                "sha256:f1d53542ee8cbedbe2118b5686372fb33c297fcd6379b050cca0ef13a597382a"
            ],
            "version": "==2022.5.18.1"
        },
        "charset-normalizer": {
            "hashes": [
                "sha256:2857e29ff0d34db842cd7ca3230549d1a697f96ee6d3fb071cfa6c7393832597",
                "sha256:6881edbebdb17b39b4eaaa821b438bf6eddffb4468cf344f09f89def34a8b1df"
            ],
            "version": "==2.0.12"
        },
        "idna": {
            "hashes": [
                "sha256:84d9dd047ffa80596e0f246e2eab0b391788b0503584e8945f2368256d2735ff",
                "sha256:9d643ff0a55b762d5cdb124b8eaa99c66322e2157b69160bc32796e824360e6d"
            ],
            "version": "==3.3"
        },
        "requests": {
            "hashes": [
                "sha256:bc7861137fbce630f17b03d3ad02ad0bf978c844f3536d0edda6499dafce2b6f",
                "sha256:d568723a7ebd25875d8d1eaf5dfa068cd2fc8194b2e483d7b1f7c81918dbec6b"
            ],
            "index": "pypi",
            "version": "==2.28.0"
        },
        "simple-term-menu": {
            "hashes": [
                "sha256:35cfbf6e855c347938c2da27a619cf0e212bc72a48bb86e43fa462ec7d7bccec",
                "sha256:401e7efc6726e195b8e62bfcede51298dc0daf8c5f043a521c8828191b0b012e"
            ],
            "index": "pypi",
            "version": "==1.4.1"
        },
        "urllib3": {
            "hashes": [
                "sha256:44ece4d53fb1706f667c9bd1c648f5469a2ec925fcf3a776667042d645472c14",
                "sha256:aabaf16477806a5e1dd19aa41f8c2b7950dd3c746362d7e3223dbe6de6ac448e"
            ],
            "version": "==1.26.9"
        }
    },
    "develop": {}
}
